
Microsoft Visual Studio Solution File, Format Version 12.00
# Visual Studio 2012
Project("{F184B08F-C81C-45F6-A57F-5ABD9991F28F}") = "InformaticsGroupPractical", "InformaticsGroupPractical\InformaticsGroupPractical.vbproj", "{F5885151-A214-430B-8513-1869D9D9A50D}"
EndProject
Global
	GlobalSection(SolutionConfigurationPlatforms) = preSolution
		Debug|Any CPU = Debug|Any CPU
		Release|Any CPU = Release|Any CPU
	EndGlobalSection
	GlobalSection(ProjectConfigurationPlatforms) = postSolution
		{F5885151-A214-430B-8513-1869D9D9A50D}.Debug|Any CPU.ActiveCfg = Debug|Any CPU
		{F5885151-A214-430B-8513-1869D9D9A50D}.Debug|Any CPU.Build.0 = Debug|Any CPU
		{F5885151-A214-430B-8513-1869D9D9A50D}.Release|Any CPU.ActiveCfg = Release|Any CPU
		{F5885151-A214-430B-8513-1869D9D9A50D}.Release|Any CPU.Build.0 = Release|Any CPU
	EndGlobalSection
	GlobalSection(SolutionProperties) = preSolution
		HideSolutionNode = FALSE
	EndGlobalSection
EndGlobal
